{
  "lockfileVersion": 1,
  "workspaces": {
    "": {
      "name": "lisp-node",
      "devDependencies": {
        "@types/node": "^22.15.31",
      },
    },
  },
  "packages": {
    "@types/node": ["@types/node@22.15.31", "", { "dependencies": { "undici-types": "~6.21.0" } }, "sha512-jnVe5ULKl6tijxUhvQeNbQG/84fHfg+yMak02cT8QVhBx/F05rAVxCGBYYTh2EKz22D6JF5ktXuNwdx7b9iEGw=="],

    "undici-types": ["undici-types@6.21.0", "", {}, "sha512-iwDZqg0QAGrg9Rav5H4n0M64c3mkR59cJ6wQp+7C4nI0gsmExaedaYLNO44eT4AtBBwjbTiGPMlt2Md0T9H9JQ=="],
  }
}
