{
  "lockfileVersion": 1,
  "workspaces": {
    "": {
      "name": "lifp",
      "devDependencies": {
        "@biomejs/biome": "2.0.2",
        "@types/bun": "latest",
        "@types/node": "^22.15.31",
        "comment-parser": "1.4.1",
      },
      "peerDependencies": {
        "typescript": "^5",
      },
    },
  },
  "packages": {
    "@biomejs/biome": ["@biomejs/biome@2.0.2", "", { "optionalDependencies": { "@biomejs/cli-darwin-arm64": "2.0.2", "@biomejs/cli-darwin-x64": "2.0.2", "@biomejs/cli-linux-arm64": "2.0.2", "@biomejs/cli-linux-arm64-musl": "2.0.2", "@biomejs/cli-linux-x64": "2.0.2", "@biomejs/cli-linux-x64-musl": "2.0.2", "@biomejs/cli-win32-arm64": "2.0.2", "@biomejs/cli-win32-x64": "2.0.2" }, "bin": { "biome": "bin/biome" } }, "sha512-IEeXplI1jwI1NJLTW4Oj0ieyVaDtyAOnpZu567qd6JCBc64HmTSlmY9j/7lWK2cmfLvGv6fS6JNClT6VobzjmQ=="],

    "@biomejs/cli-darwin-arm64": ["@biomejs/cli-darwin-arm64@2.0.2", "", { "os": "darwin", "cpu": "arm64" }, "sha512-WvVqZsNoxj0LpeQ2cbLdadJhkOJQzNSAlvTLyv+3I+f2dzGfVYwXi287qNtKey+E6axb6r7/bGvHjkWFb52Zgg=="],

    "@biomejs/cli-darwin-x64": ["@biomejs/cli-darwin-x64@2.0.2", "", { "os": "darwin", "cpu": "x64" }, "sha512-nXSdNPJy5ufGK9EFls34lRWuecKJH4Elr1XzJ6IpK7RUv2ZnZdm5tZH285QjCbPjfshbclnMVQsZ3737VCgdLw=="],

    "@biomejs/cli-linux-arm64": ["@biomejs/cli-linux-arm64@2.0.2", "", { "os": "linux", "cpu": "arm64" }, "sha512-g8lyiOSPWldXeHF786ZoV3rgTUGnWIOMD/1trDDrLiiw5rTaGgs2i8gV3yx+5L4XCc3VM5nOhLUoRfs4uH837Q=="],

    "@biomejs/cli-linux-arm64-musl": ["@biomejs/cli-linux-arm64-musl@2.0.2", "", { "os": "linux", "cpu": "arm64" }, "sha512-clO+uWOxNxB+7urJEnf2WDJZmUiYgeQ2Q7by7QRoyrdlgJPlf6cD5C4HNKIE81Lxp/IQeTCb9wmCmfmcLmT5Pg=="],

    "@biomejs/cli-linux-x64": ["@biomejs/cli-linux-x64@2.0.2", "", { "os": "linux", "cpu": "x64" }, "sha512-1sE3manPkMd24RW83dkqheEYGUc0GF3sPgd7wrqaXu4xSaCvg2fbObSnFbDTUw0NuUNmR0XhvdlczbB8hsxspQ=="],

    "@biomejs/cli-linux-x64-musl": ["@biomejs/cli-linux-x64-musl@2.0.2", "", { "os": "linux", "cpu": "x64" }, "sha512-lU96qsV96whk+cGrZtvysNbL05BFx1CtM18VOl257o2Dzb5HjKUjLuKwVRl9rnLjvuuuhNaFtsPqucPvf9chiQ=="],

    "@biomejs/cli-win32-arm64": ["@biomejs/cli-win32-arm64@2.0.2", "", { "os": "win32", "cpu": "arm64" }, "sha512-LkrKxh/cf5z5zGFxPNV9ZcroT2yoZE6IJ6Z+2Bq4FSKOsmqnSkeEH5tQ20Km4ERXfhOvEvJYjbTYHPHr12eGCA=="],

    "@biomejs/cli-win32-x64": ["@biomejs/cli-win32-x64@2.0.2", "", { "os": "win32", "cpu": "x64" }, "sha512-eI1/Ubb5BOLGwA/RNNZYyAjlhOr6K2Gk3ERQ6levG36FRZH9pK4n5Syby3fhFQzzWtEVMkFcktOHjyiwtPmiuQ=="],

    "@types/bun": ["@types/bun@1.2.16", "", { "dependencies": { "bun-types": "1.2.16" } }, "sha512-1aCZJ/6nSiViw339RsaNhkNoEloLaPzZhxMOYEa7OzRzO41IGg5n/7I43/ZIAW/c+Q6cT12Vf7fOZOoVIzb5BQ=="],

    "@types/node": ["@types/node@22.15.31", "", { "dependencies": { "undici-types": "~6.21.0" } }, "sha512-jnVe5ULKl6tijxUhvQeNbQG/84fHfg+yMak02cT8QVhBx/F05rAVxCGBYYTh2EKz22D6JF5ktXuNwdx7b9iEGw=="],

    "bun-types": ["bun-types@1.2.16", "", { "dependencies": { "@types/node": "*" } }, "sha512-ciXLrHV4PXax9vHvUrkvun9VPVGOVwbbbBF/Ev1cXz12lyEZMoJpIJABOfPcN9gDJRaiKF9MVbSygLg4NXu3/A=="],

    "comment-parser": ["comment-parser@1.4.1", "", {}, "sha512-buhp5kePrmda3vhc5B9t7pUQXAb2Tnd0qgpkIhPhkHXxJpiPJ11H0ZEU0oBpJ2QztSbzG/ZxMj/CHsYJqRHmyg=="],

    "typescript": ["typescript@5.8.3", "", { "bin": { "tsc": "bin/tsc", "tsserver": "bin/tsserver" } }, "sha512-p1diW6TqL9L07nNxvRMM7hMMw4c5XOo/1ibL4aAIGmSAt9slTE1Xgw5KWuof2uTOvCg9BY7ZRi+GaF+7sfgPeQ=="],

    "undici-types": ["undici-types@6.21.0", "", {}, "sha512-iwDZqg0QAGrg9Rav5H4n0M64c3mkR59cJ6wQp+7C4nI0gsmExaedaYLNO44eT4AtBBwjbTiGPMlt2Md0T9H9JQ=="],
  }
}
